// !$*UTF8*$!
{
	archiveVersion = 1;
	classes = {
	};
	objectVersion = 46;
	objects = {

/* Begin PBXBuildFile section */
		2B2A471DC139700874BA2467 /* Pods_WordUpTests.framework in Frameworks */ = {isa = PBXBuildFile; fileRef = DFED851B696B4565E4214ECA /* Pods_WordUpTests.framework */; };
		2BFCCB472FDA807BE837AE84 /* Pods_WordUp.framework in Frameworks */ = {isa = PBXBuildFile; fileRef = 1EA5C3B1D139D6AD287E9E80 /* Pods_WordUp.framework */; };
		852380421EBEE831003CB58E /* UserProfilesViewController.swift in Sources */ = {isa = PBXBuildFile; fileRef = 852380411EBEE831003CB58E /* UserProfilesViewController.swift */; };
		852380441EBEE992003CB58E /* SearchTableViewController.swift in Sources */ = {isa = PBXBuildFile; fileRef = 852380431EBEE992003CB58E /* SearchTableViewController.swift */; };
		856F41281EB5605600AA5869 /* TestMatchTableViewController.swift in Sources */ = {isa = PBXBuildFile; fileRef = 856F41271EB5605600AA5869 /* TestMatchTableViewController.swift */; };
		856FC0DA1EB5235900E621C6 /* AppDelegate.swift in Sources */ = {isa = PBXBuildFile; fileRef = 856FC0D91EB5235900E621C6 /* AppDelegate.swift */; };
		856FC0DC1EB5235900E621C6 /* ViewController.swift in Sources */ = {isa = PBXBuildFile; fileRef = 856FC0DB1EB5235900E621C6 /* ViewController.swift */; };
		856FC0DF1EB5235900E621C6 /* Main.storyboard in Resources */ = {isa = PBXBuildFile; fileRef = 856FC0DD1EB5235900E621C6 /* Main.storyboard */; };
		856FC0E11EB5235900E621C6 /* Assets.xcassets in Resources */ = {isa = PBXBuildFile; fileRef = 856FC0E01EB5235900E621C6 /* Assets.xcassets */; };
		856FC0E41EB5235900E621C6 /* LaunchScreen.storyboard in Resources */ = {isa = PBXBuildFile; fileRef = 856FC0E21EB5235900E621C6 /* LaunchScreen.storyboard */; };
		856FC0EF1EB5235900E621C6 /* WordUpTests.swift in Sources */ = {isa = PBXBuildFile; fileRef = 856FC0EE1EB5235900E621C6 /* WordUpTests.swift */; };
		8574798E1EB996F000D44150 /* SchedulerViewController.swift in Sources */ = {isa = PBXBuildFile; fileRef = 8574798D1EB996F000D44150 /* SchedulerViewController.swift */; };
		85B0C3611EB5325B005B4515 /* ProtoTableViewController.swift in Sources */ = {isa = PBXBuildFile; fileRef = 85B0C3601EB5325B005B4515 /* ProtoTableViewController.swift */; };
		85B0C3631EB534DA005B4515 /* RegistrationViewController.swift in Sources */ = {isa = PBXBuildFile; fileRef = 85B0C3621EB534DA005B4515 /* RegistrationViewController.swift */; };
		85B0C3651EB539E7005B4515 /* LoginViewController.swift in Sources */ = {isa = PBXBuildFile; fileRef = 85B0C3641EB539E7005B4515 /* LoginViewController.swift */; };
		85B0C3671EB53A11005B4515 /* MatchTableViewController.swift in Sources */ = {isa = PBXBuildFile; fileRef = 85B0C3661EB53A11005B4515 /* MatchTableViewController.swift */; };
		85CEBD9D1EBEA7440081B7F3 /* MyMatchesTableViewController.swift in Sources */ = {isa = PBXBuildFile; fileRef = 85CEBD9C1EBEA7440081B7F3 /* MyMatchesTableViewController.swift */; };
/* End PBXBuildFile section */

/* Begin PBXContainerItemProxy section */
		856FC0EB1EB5235900E621C6 /* PBXContainerItemProxy */ = {
			isa = PBXContainerItemProxy;
			containerPortal = 856FC0CE1EB5235900E621C6 /* Project object */;
			proxyType = 1;
			remoteGlobalIDString = 856FC0D51EB5235900E621C6;
			remoteInfo = WordUp;
		};
/* End PBXContainerItemProxy section */

/* Begin PBXFileReference section */
		1EA5C3B1D139D6AD287E9E80 /* Pods_WordUp.framework */ = {isa = PBXFileReference; explicitFileType = wrapper.framework; includeInIndex = 0; path = Pods_WordUp.framework; sourceTree = BUILT_PRODUCTS_DIR; };
		7DF0BB42949353FC5BA6D531 /* Pods-WordUpTests.debug.xcconfig */ = {isa = PBXFileReference; includeInIndex = 1; lastKnownFileType = text.xcconfig; name = "Pods-WordUpTests.debug.xcconfig"; path = "Pods/Target Support Files/Pods-WordUpTests/Pods-WordUpTests.debug.xcconfig"; sourceTree = "<group>"; };
		852380411EBEE831003CB58E /* UserProfilesViewController.swift */ = {isa = PBXFileReference; fileEncoding = 4; lastKnownFileType = sourcecode.swift; path = UserProfilesViewController.swift; sourceTree = "<group>"; };
		852380431EBEE992003CB58E /* SearchTableViewController.swift */ = {isa = PBXFileReference; fileEncoding = 4; lastKnownFileType = sourcecode.swift; path = SearchTableViewController.swift; sourceTree = "<group>"; };
		856F41271EB5605600AA5869 /* TestMatchTableViewController.swift */ = {isa = PBXFileReference; fileEncoding = 4; lastKnownFileType = sourcecode.swift; path = TestMatchTableViewController.swift; sourceTree = "<group>"; };
		856FC0D61EB5235900E621C6 /* WordUp.app */ = {isa = PBXFileReference; explicitFileType = wrapper.application; includeInIndex = 0; path = WordUp.app; sourceTree = BUILT_PRODUCTS_DIR; };
		856FC0D91EB5235900E621C6 /* AppDelegate.swift */ = {isa = PBXFileReference; lastKnownFileType = sourcecode.swift; path = AppDelegate.swift; sourceTree = "<group>"; };
		856FC0DB1EB5235900E621C6 /* ViewController.swift */ = {isa = PBXFileReference; lastKnownFileType = sourcecode.swift; path = ViewController.swift; sourceTree = "<group>"; };
		856FC0DE1EB5235900E621C6 /* Base */ = {isa = PBXFileReference; lastKnownFileType = file.storyboard; name = Base; path = Base.lproj/Main.storyboard; sourceTree = "<group>"; };
		856FC0E01EB5235900E621C6 /* Assets.xcassets */ = {isa = PBXFileReference; lastKnownFileType = folder.assetcatalog; path = Assets.xcassets; sourceTree = "<group>"; };
		856FC0E31EB5235900E621C6 /* Base */ = {isa = PBXFileReference; lastKnownFileType = file.storyboard; name = Base; path = Base.lproj/LaunchScreen.storyboard; sourceTree = "<group>"; };
		856FC0E51EB5235900E621C6 /* Info.plist */ = {isa = PBXFileReference; lastKnownFileType = text.plist.xml; path = Info.plist; sourceTree = "<group>"; };
		856FC0EA1EB5235900E621C6 /* WordUpTests.xctest */ = {isa = PBXFileReference; explicitFileType = wrapper.cfbundle; includeInIndex = 0; path = WordUpTests.xctest; sourceTree = BUILT_PRODUCTS_DIR; };
		856FC0EE1EB5235900E621C6 /* WordUpTests.swift */ = {isa = PBXFileReference; lastKnownFileType = sourcecode.swift; path = WordUpTests.swift; sourceTree = "<group>"; };
		856FC0F01EB5235900E621C6 /* Info.plist */ = {isa = PBXFileReference; lastKnownFileType = text.plist.xml; path = Info.plist; sourceTree = "<group>"; };
		8574798D1EB996F000D44150 /* SchedulerViewController.swift */ = {isa = PBXFileReference; fileEncoding = 4; lastKnownFileType = sourcecode.swift; path = SchedulerViewController.swift; sourceTree = "<group>"; };
		85B0C3601EB5325B005B4515 /* ProtoTableViewController.swift */ = {isa = PBXFileReference; fileEncoding = 4; lastKnownFileType = sourcecode.swift; path = ProtoTableViewController.swift; sourceTree = "<group>"; };
		85B0C3621EB534DA005B4515 /* RegistrationViewController.swift */ = {isa = PBXFileReference; fileEncoding = 4; lastKnownFileType = sourcecode.swift; path = RegistrationViewController.swift; sourceTree = "<group>"; };
		85B0C3641EB539E7005B4515 /* LoginViewController.swift */ = {isa = PBXFileReference; fileEncoding = 4; lastKnownFileType = sourcecode.swift; path = LoginViewController.swift; sourceTree = "<group>"; };
		85B0C3661EB53A11005B4515 /* MatchTableViewController.swift */ = {isa = PBXFileReference; fileEncoding = 4; lastKnownFileType = sourcecode.swift; path = MatchTableViewController.swift; sourceTree = "<group>"; };
		85CEBD9C1EBEA7440081B7F3 /* MyMatchesTableViewController.swift */ = {isa = PBXFileReference; fileEncoding = 4; lastKnownFileType = sourcecode.swift; path = MyMatchesTableViewController.swift; sourceTree = "<group>"; };
		86A5443FDEB96289FCFFC987 /* Pods-WordUpTests.release.xcconfig */ = {isa = PBXFileReference; includeInIndex = 1; lastKnownFileType = text.xcconfig; name = "Pods-WordUpTests.release.xcconfig"; path = "Pods/Target Support Files/Pods-WordUpTests/Pods-WordUpTests.release.xcconfig"; sourceTree = "<group>"; };
		B86D86F4BBD535EDCE5C9C28 /* Pods-WordUp.release.xcconfig */ = {isa = PBXFileReference; includeInIndex = 1; lastKnownFileType = text.xcconfig; name = "Pods-WordUp.release.xcconfig"; path = "Pods/Target Support Files/Pods-WordUp/Pods-WordUp.release.xcconfig"; sourceTree = "<group>"; };
		D8BFEA0DE8634B39168B732B /* Pods-WordUp.debug.xcconfig */ = {isa = PBXFileReference; includeInIndex = 1; lastKnownFileType = text.xcconfig; name = "Pods-WordUp.debug.xcconfig"; path = "Pods/Target Support Files/Pods-WordUp/Pods-WordUp.debug.xcconfig"; sourceTree = "<group>"; };
		DFED851B696B4565E4214ECA /* Pods_WordUpTests.framework */ = {isa = PBXFileReference; explicitFileType = wrapper.framework; includeInIndex = 0; path = Pods_WordUpTests.framework; sourceTree = BUILT_PRODUCTS_DIR; };
/* End PBXFileReference section */

/* Begin PBXFrameworksBuildPhase section */
		856FC0D31EB5235900E621C6 /* Frameworks */ = {
			isa = PBXFrameworksBuildPhase;
			buildActionMask = 2147483647;
			files = (
				2BFCCB472FDA807BE837AE84 /* Pods_WordUp.framework in Frameworks */,
			);
			runOnlyForDeploymentPostprocessing = 0;
		};
		856FC0E71EB5235900E621C6 /* Frameworks */ = {
			isa = PBXFrameworksBuildPhase;
			buildActionMask = 2147483647;
			files = (
				2B2A471DC139700874BA2467 /* Pods_WordUpTests.framework in Frameworks */,
			);
			runOnlyForDeploymentPostprocessing = 0;
		};
/* End PBXFrameworksBuildPhase section */

/* Begin PBXGroup section */
		6D43C7122C0E8BD6C92C91DC /* Frameworks */ = {
			isa = PBXGroup;
			children = (
				1EA5C3B1D139D6AD287E9E80 /* Pods_WordUp.framework */,
				DFED851B696B4565E4214ECA /* Pods_WordUpTests.framework */,
			);
			name = Frameworks;
			sourceTree = "<group>";
		};
		856FC0CD1EB5235900E621C6 = {
			isa = PBXGroup;
			children = (
				856FC0D81EB5235900E621C6 /* WordUp */,
				856FC0ED1EB5235900E621C6 /* WordUpTests */,
				856FC0D71EB5235900E621C6 /* Products */,
				CA1C7886925034370D312173 /* Pods */,
				6D43C7122C0E8BD6C92C91DC /* Frameworks */,
			);
			sourceTree = "<group>";
		};
		856FC0D71EB5235900E621C6 /* Products */ = {
			isa = PBXGroup;
			children = (
				856FC0D61EB5235900E621C6 /* WordUp.app */,
				856FC0EA1EB5235900E621C6 /* WordUpTests.xctest */,
			);
			name = Products;
			sourceTree = "<group>";
		};
		856FC0D81EB5235900E621C6 /* WordUp */ = {
			isa = PBXGroup;
			children = (
				856FC0D91EB5235900E621C6 /* AppDelegate.swift */,
				856FC0DB1EB5235900E621C6 /* ViewController.swift */,
				856FC0DD1EB5235900E621C6 /* Main.storyboard */,
				852380431EBEE992003CB58E /* SearchTableViewController.swift */,
				856FC0E01EB5235900E621C6 /* Assets.xcassets */,
				856FC0E21EB5235900E621C6 /* LaunchScreen.storyboard */,
				856FC0E51EB5235900E621C6 /* Info.plist */,
				85B0C3601EB5325B005B4515 /* ProtoTableViewController.swift */,
				85B0C3621EB534DA005B4515 /* RegistrationViewController.swift */,
				85B0C3641EB539E7005B4515 /* LoginViewController.swift */,
				85B0C3661EB53A11005B4515 /* MatchTableViewController.swift */,
				856F41271EB5605600AA5869 /* TestMatchTableViewController.swift */,
				8574798D1EB996F000D44150 /* SchedulerViewController.swift */,
				85CEBD9C1EBEA7440081B7F3 /* MyMatchesTableViewController.swift */,
				852380411EBEE831003CB58E /* UserProfilesViewController.swift */,
			);
			path = WordUp;
			sourceTree = "<group>";
		};
		856FC0ED1EB5235900E621C6 /* WordUpTests */ = {
			isa = PBXGroup;
			children = (
				856FC0EE1EB5235900E621C6 /* WordUpTests.swift */,
				856FC0F01EB5235900E621C6 /* Info.plist */,
			);
			path = WordUpTests;
			sourceTree = "<group>";
		};
		CA1C7886925034370D312173 /* Pods */ = {
			isa = PBXGroup;
			children = (
				D8BFEA0DE8634B39168B732B /* Pods-WordUp.debug.xcconfig */,
				B86D86F4BBD535EDCE5C9C28 /* Pods-WordUp.release.xcconfig */,
				7DF0BB42949353FC5BA6D531 /* Pods-WordUpTests.debug.xcconfig */,
				86A5443FDEB96289FCFFC987 /* Pods-WordUpTests.release.xcconfig */,
			);
			name = Pods;
			sourceTree = "<group>";
		};
/* End PBXGroup section */

/* Begin PBXNativeTarget section */
		856FC0D51EB5235900E621C6 /* WordUp */ = {
			isa = PBXNativeTarget;
			buildConfigurationList = 856FC0F31EB5235900E621C6 /* Build configuration list for PBXNativeTarget "WordUp" */;
			buildPhases = (
				F154443144A1DA812FB69328 /* [CP] Check Pods Manifest.lock */,
				856FC0D21EB5235900E621C6 /* Sources */,
				856FC0D31EB5235900E621C6 /* Frameworks */,
				856FC0D41EB5235900E621C6 /* Resources */,
				2C75DA17033A217C88612238 /* [CP] Embed Pods Frameworks */,
				0DEAB19ACE57596DC2CB9633 /* [CP] Copy Pods Resources */,
			);
			buildRules = (
			);
			dependencies = (
			);
			name = WordUp;
			productName = WordUp;
			productReference = 856FC0D61EB5235900E621C6 /* WordUp.app */;
			productType = "com.apple.product-type.application";
		};
		856FC0E91EB5235900E621C6 /* WordUpTests */ = {
			isa = PBXNativeTarget;
			buildConfigurationList = 856FC0F61EB5235900E621C6 /* Build configuration list for PBXNativeTarget "WordUpTests" */;
			buildPhases = (
				E96C64496C2BC20197082FC2 /* [CP] Check Pods Manifest.lock */,
				856FC0E61EB5235900E621C6 /* Sources */,
				856FC0E71EB5235900E621C6 /* Frameworks */,
				856FC0E81EB5235900E621C6 /* Resources */,
				FD604FA5970C8C8245D6CE90 /* [CP] Embed Pods Frameworks */,
				9418D196D19E5668173E1A2D /* [CP] Copy Pods Resources */,
			);
			buildRules = (
			);
			dependencies = (
				856FC0EC1EB5235900E621C6 /* PBXTargetDependency */,
			);
			name = WordUpTests;
			productName = WordUpTests;
			productReference = 856FC0EA1EB5235900E621C6 /* WordUpTests.xctest */;
			productType = "com.apple.product-type.bundle.unit-test";
		};
/* End PBXNativeTarget section */

/* Begin PBXProject section */
		856FC0CE1EB5235900E621C6 /* Project object */ = {
			isa = PBXProject;
			attributes = {
				LastSwiftUpdateCheck = 0830;
				LastUpgradeCheck = 0830;
				ORGANIZATIONNAME = "Jacky Kong";
				TargetAttributes = {
					856FC0D51EB5235900E621C6 = {
						CreatedOnToolsVersion = 8.3;
						ProvisioningStyle = Automatic;
					};
					856FC0E91EB5235900E621C6 = {
						CreatedOnToolsVersion = 8.3;
						ProvisioningStyle = Automatic;
						TestTargetID = 856FC0D51EB5235900E621C6;
					};
				};
			};
			buildConfigurationList = 856FC0D11EB5235900E621C6 /* Build configuration list for PBXProject "WordUp" */;
			compatibilityVersion = "Xcode 3.2";
			developmentRegion = English;
			hasScannedForEncodings = 0;
			knownRegions = (
				en,
				Base,
			);
			mainGroup = 856FC0CD1EB5235900E621C6;
			productRefGroup = 856FC0D71EB5235900E621C6 /* Products */;
			projectDirPath = "";
			projectRoot = "";
			targets = (
				856FC0D51EB5235900E621C6 /* WordUp */,
				856FC0E91EB5235900E621C6 /* WordUpTests */,
			);
		};
/* End PBXProject section */

/* Begin PBXResourcesBuildPhase section */
		856FC0D41EB5235900E621C6 /* Resources */ = {
			isa = PBXResourcesBuildPhase;
			buildActionMask = 2147483647;
			files = (
				856FC0E41EB5235900E621C6 /* LaunchScreen.storyboard in Resources */,
				856FC0E11EB5235900E621C6 /* Assets.xcassets in Resources */,
				856FC0DF1EB5235900E621C6 /* Main.storyboard in Resources */,
			);
			runOnlyForDeploymentPostprocessing = 0;
		};
		856FC0E81EB5235900E621C6 /* Resources */ = {
			isa = PBXResourcesBuildPhase;
			buildActionMask = 2147483647;
			files = (
			);
			runOnlyForDeploymentPostprocessing = 0;
		};
/* End PBXResourcesBuildPhase section */

/* Begin PBXShellScriptBuildPhase section */
		0DEAB19ACE57596DC2CB9633 /* [CP] Copy Pods Resources */ = {
			isa = PBXShellScriptBuildPhase;
			buildActionMask = 2147483647;
			files = (
			);
			inputPaths = (
			);
			name = "[CP] Copy Pods Resources";
			outputPaths = (
			);
			runOnlyForDeploymentPostprocessing = 0;
			shellPath = /bin/sh;
			shellScript = "\"${SRCROOT}/Pods/Target Support Files/Pods-WordUp/Pods-WordUp-resources.sh\"\n";
			showEnvVarsInLog = 0;
		};
		2C75DA17033A217C88612238 /* [CP] Embed Pods Frameworks */ = {
			isa = PBXShellScriptBuildPhase;
			buildActionMask = 2147483647;
			files = (
			);
			inputPaths = (
			);
			name = "[CP] Embed Pods Frameworks";
			outputPaths = (
			);
			runOnlyForDeploymentPostprocessing = 0;
			shellPath = /bin/sh;
			shellScript = "\"${SRCROOT}/Pods/Target Support Files/Pods-WordUp/Pods-WordUp-frameworks.sh\"\n";
			showEnvVarsInLog = 0;
		};
		9418D196D19E5668173E1A2D /* [CP] Copy Pods Resources */ = {
			isa = PBXShellScriptBuildPhase;
			buildActionMask = 2147483647;
			files = (
			);
			inputPaths = (
			);
			name = "[CP] Copy Pods Resources";
			outputPaths = (
			);
			runOnlyForDeploymentPostprocessing = 0;
			shellPath = /bin/sh;
			shellScript = "\"${SRCROOT}/Pods/Target Support Files/Pods-WordUpTests/Pods-WordUpTests-resources.sh\"\n";
			showEnvVarsInLog = 0;
		};
		E96C64496C2BC20197082FC2 /* [CP] Check Pods Manifest.lock */ = {
			isa = PBXShellScriptBuildPhase;
			buildActionMask = 2147483647;
			files = (
			);
			inputPaths = (
			);
			name = "[CP] Check Pods Manifest.lock";
			outputPaths = (
			);
			runOnlyForDeploymentPostprocessing = 0;
			shellPath = /bin/sh;
			shellScript = "diff \"${PODS_PODFILE_DIR_PATH}/Podfile.lock\" \"${PODS_ROOT}/Manifest.lock\" > /dev/null\nif [ $? != 0 ] ; then\n    # print error to STDERR\n    echo \"error: The sandbox is not in sync with the Podfile.lock. Run 'pod install' or update your CocoaPods installation.\" >&2\n    exit 1\nfi\n";
			showEnvVarsInLog = 0;
		};
		F154443144A1DA812FB69328 /* [CP] Check Pods Manifest.lock */ = {
			isa = PBXShellScriptBuildPhase;
			buildActionMask = 2147483647;
			files = (
			);
			inputPaths = (
			);
			name = "[CP] Check Pods Manifest.lock";
			outputPaths = (
			);
			runOnlyForDeploymentPostprocessing = 0;
			shellPath = /bin/sh;
			shellScript = "diff \"${PODS_PODFILE_DIR_PATH}/Podfile.lock\" \"${PODS_ROOT}/Manifest.lock\" > /dev/null\nif [ $? != 0 ] ; then\n    # print error to STDERR\n    echo \"error: The sandbox is not in sync with the Podfile.lock. Run 'pod install' or update your CocoaPods installation.\" >&2\n    exit 1\nfi\n";
			showEnvVarsInLog = 0;
		};
		FD604FA5970C8C8245D6CE90 /* [CP] Embed Pods Frameworks */ = {
			isa = PBXShellScriptBuildPhase;
			buildActionMask = 2147483647;
			files = (
			);
			inputPaths = (
			);
			name = "[CP] Embed Pods Frameworks";
			outputPaths = (
			);
			runOnlyForDeploymentPostprocessing = 0;
			shellPath = /bin/sh;
			shellScript = "\"${SRCROOT}/Pods/Target Support Files/Pods-WordUpTests/Pods-WordUpTests-frameworks.sh\"\n";
			showEnvVarsInLog = 0;
		};
/* End PBXShellScriptBuildPhase section */

/* Begin PBXSourcesBuildPhase section */
		856FC0D21EB5235900E621C6 /* Sources */ = {
			isa = PBXSourcesBuildPhase;
			buildActionMask = 2147483647;
			files = (
				856FC0DC1EB5235900E621C6 /* ViewController.swift in Sources */,
				85CEBD9D1EBEA7440081B7F3 /* MyMatchesTableViewController.swift in Sources */,
				856F41281EB5605600AA5869 /* TestMatchTableViewController.swift in Sources */,
				85B0C3671EB53A11005B4515 /* MatchTableViewController.swift in Sources */,
				85B0C3611EB5325B005B4515 /* ProtoTableViewController.swift in Sources */,
				85B0C3631EB534DA005B4515 /* RegistrationViewController.swift in Sources */,
				852380421EBEE831003CB58E /* UserProfilesViewController.swift in Sources */,
				85B0C3651EB539E7005B4515 /* LoginViewController.swift in Sources */,
				852380441EBEE992003CB58E /* SearchTableViewController.swift in Sources */,
				8574798E1EB996F000D44150 /* SchedulerViewController.swift in Sources */,
				856FC0DA1EB5235900E621C6 /* AppDelegate.swift in Sources */,
			);
			runOnlyForDeploymentPostprocessing = 0;
		};
		856FC0E61EB5235900E621C6 /* Sources */ = {
			isa = PBXSourcesBuildPhase;
			buildActionMask = 2147483647;
			files = (
				856FC0EF1EB5235900E621C6 /* WordUpTests.swift in Sources */,
			);
			runOnlyForDeploymentPostprocessing = 0;
		};
/* End PBXSourcesBuildPhase section */

/* Begin PBXTargetDependency section */
		856FC0EC1EB5235900E621C6 /* PBXTargetDependency */ = {
			isa = PBXTargetDependency;
			target = 856FC0D51EB5235900E621C6 /* WordUp */;
			targetProxy = 856FC0EB1EB5235900E621C6 /* PBXContainerItemProxy */;
		};
/* End PBXTargetDependency section */

/* Begin PBXVariantGroup section */
		856FC0DD1EB5235900E621C6 /* Main.storyboard */ = {
			isa = PBXVariantGroup;
			children = (
				856FC0DE1EB5235900E621C6 /* Base */,
			);
			name = Main.storyboard;
			sourceTree = "<group>";
		};
		856FC0E21EB5235900E621C6 /* LaunchScreen.storyboard */ = {
			isa = PBXVariantGroup;
			children = (
				856FC0E31EB5235900E621C6 /* Base */,
			);
			name = LaunchScreen.storyboard;
			sourceTree = "<group>";
		};
/* End PBXVariantGroup section */

/* Begin XCBuildConfiguration section */
		856FC0F11EB5235900E621C6 /* Debug */ = {
			isa = XCBuildConfiguration;
			buildSettings = {
				ALWAYS_SEARCH_USER_PATHS = NO;
				CLANG_ANALYZER_NONNULL = YES;
				CLANG_ANALYZER_NUMBER_OBJECT_CONVERSION = YES_AGGRESSIVE;
				CLANG_CXX_LANGUAGE_STANDARD = "gnu++0x";
				CLANG_CXX_LIBRARY = "libc++";
				CLANG_ENABLE_MODULES = YES;
				CLANG_ENABLE_OBJC_ARC = YES;
				CLANG_WARN_BOOL_CONVERSION = YES;
				CLANG_WARN_CONSTANT_CONVERSION = YES;
				CLANG_WARN_DIRECT_OBJC_ISA_USAGE = YES_ERROR;
				CLANG_WARN_DOCUMENTATION_COMMENTS = YES;
				CLANG_WARN_EMPTY_BODY = YES;
				CLANG_WARN_ENUM_CONVERSION = YES;
				CLANG_WARN_INFINITE_RECURSION = YES;
				CLANG_WARN_INT_CONVERSION = YES;
				CLANG_WARN_OBJC_ROOT_CLASS = YES_ERROR;
				CLANG_WARN_SUSPICIOUS_MOVE = YES;
				CLANG_WARN_UNREACHABLE_CODE = YES;
				CLANG_WARN__DUPLICATE_METHOD_MATCH = YES;
				"CODE_SIGN_IDENTITY[sdk=iphoneos*]" = "iPhone Developer";
				COPY_PHASE_STRIP = NO;
				DEBUG_INFORMATION_FORMAT = dwarf;
				ENABLE_STRICT_OBJC_MSGSEND = YES;
				ENABLE_TESTABILITY = YES;
				GCC_C_LANGUAGE_STANDARD = gnu99;
				GCC_DYNAMIC_NO_PIC = NO;
				GCC_NO_COMMON_BLOCKS = YES;
				GCC_OPTIMIZATION_LEVEL = 0;
				GCC_PREPROCESSOR_DEFINITIONS = (
					"DEBUG=1",
					"$(inherited)",
				);
				GCC_WARN_64_TO_32_BIT_CONVERSION = YES;
				GCC_WARN_ABOUT_RETURN_TYPE = YES_ERROR;
				GCC_WARN_UNDECLARED_SELECTOR = YES;
				GCC_WARN_UNINITIALIZED_AUTOS = YES_AGGRESSIVE;
				GCC_WARN_UNUSED_FUNCTION = YES;
				GCC_WARN_UNUSED_VARIABLE = YES;
				IPHONEOS_DEPLOYMENT_TARGET = 10.3;
				MTL_ENABLE_DEBUG_INFO = YES;
				ONLY_ACTIVE_ARCH = YES;
				SDKROOT = iphoneos;
				SWIFT_ACTIVE_COMPILATION_CONDITIONS = DEBUG;
				SWIFT_OPTIMIZATION_LEVEL = "-Onone";
				TARGETED_DEVICE_FAMILY = "1,2";
			};
			name = Debug;
		};
		856FC0F21EB5235900E621C6 /* Release */ = {
			isa = XCBuildConfiguration;
			buildSettings = {
				ALWAYS_SEARCH_USER_PATHS = NO;
				CLANG_ANALYZER_NONNULL = YES;
				CLANG_ANALYZER_NUMBER_OBJECT_CONVERSION = YES_AGGRESSIVE;
				CLANG_CXX_LANGUAGE_STANDARD = "gnu++0x";
				CLANG_CXX_LIBRARY = "libc++";
				CLANG_ENABLE_MODULES = YES;
				CLANG_ENABLE_OBJC_ARC = YES;
				CLANG_WARN_BOOL_CONVERSION = YES;
				CLANG_WARN_CONSTANT_CONVERSION = YES;
				CLANG_WARN_DIRECT_OBJC_ISA_USAGE = YES_ERROR;
				CLANG_WARN_DOCUMENTATION_COMMENTS = YES;
				CLANG_WARN_EMPTY_BODY = YES;
				CLANG_WARN_ENUM_CONVERSION = YES;
				CLANG_WARN_INFINITE_RECURSION = YES;
				CLANG_WARN_INT_CONVERSION = YES;
				CLANG_WARN_OBJC_ROOT_CLASS = YES_ERROR;
				CLANG_WARN_SUSPICIOUS_MOVE = YES;
				CLANG_WARN_UNREACHABLE_CODE = YES;
				CLANG_WARN__DUPLICATE_METHOD_MATCH = YES;
				"CODE_SIGN_IDENTITY[sdk=iphoneos*]" = "iPhone Developer";
				COPY_PHASE_STRIP = NO;
				DEBUG_INFORMATION_FORMAT = "dwarf-with-dsym";
				ENABLE_NS_ASSERTIONS = NO;
				ENABLE_STRICT_OBJC_MSGSEND = YES;
				GCC_C_LANGUAGE_STANDARD = gnu99;
				GCC_NO_COMMON_BLOCKS = YES;
				GCC_WARN_64_TO_32_BIT_CONVERSION = YES;
				GCC_WARN_ABOUT_RETURN_TYPE = YES_ERROR;
				GCC_WARN_UNDECLARED_SELECTOR = YES;
				GCC_WARN_UNINITIALIZED_AUTOS = YES_AGGRESSIVE;
				GCC_WARN_UNUSED_FUNCTION = YES;
				GCC_WARN_UNUSED_VARIABLE = YES;
				IPHONEOS_DEPLOYMENT_TARGET = 10.3;
				MTL_ENABLE_DEBUG_INFO = NO;
				SDKROOT = iphoneos;
				SWIFT_OPTIMIZATION_LEVEL = "-Owholemodule";
				TARGETED_DEVICE_FAMILY = "1,2";
				VALIDATE_PRODUCT = YES;
			};
			name = Release;
		};
		856FC0F41EB5235900E621C6 /* Debug */ = {
			isa = XCBuildConfiguration;
			baseConfigurationReference = D8BFEA0DE8634B39168B732B /* Pods-WordUp.debug.xcconfig */;
			buildSettings = {
				ASSETCATALOG_COMPILER_APPICON_NAME = AppIcon;
				INFOPLIST_FILE = WordUp/Info.plist;
				LD_RUNPATH_SEARCH_PATHS = "$(inherited) @executable_path/Frameworks";
				PRODUCT_BUNDLE_IDENTIFIER = com.example.WordUp;
				PRODUCT_NAME = "$(TARGET_NAME)";
				SWIFT_VERSION = 3.0;
			};
			name = Debug;
		};
		856FC0F51EB5235900E621C6 /* Release */ = {
			isa = XCBuildConfiguration;
			baseConfigurationReference = B86D86F4BBD535EDCE5C9C28 /* Pods-WordUp.release.xcconfig */;
			buildSettings = {
				ASSETCATALOG_COMPILER_APPICON_NAME = AppIcon;
				INFOPLIST_FILE = WordUp/Info.plist;
				LD_RUNPATH_SEARCH_PATHS = "$(inherited) @executable_path/Frameworks";
				PRODUCT_BUNDLE_IDENTIFIER = com.example.WordUp;
				PRODUCT_NAME = "$(TARGET_NAME)";
				SWIFT_VERSION = 3.0;
			};
			name = Release;
		};
		856FC0F71EB5235900E621C6 /* Debug */ = {
			isa = XCBuildConfiguration;
			baseConfigurationReference = 7DF0BB42949353FC5BA6D531 /* Pods-WordUpTests.debug.xcconfig */;
			buildSettings = {
				ALWAYS_EMBED_SWIFT_STANDARD_LIBRARIES = YES;
				BUNDLE_LOADER = "$(TEST_HOST)";
				INFOPLIST_FILE = WordUpTests/Info.plist;
				LD_RUNPATH_SEARCH_PATHS = "$(inherited) @executable_path/Frameworks @loader_path/Frameworks";
				PRODUCT_BUNDLE_IDENTIFIER = com.example.WordUpTests;
				PRODUCT_NAME = "$(TARGET_NAME)";
				SWIFT_VERSION = 3.0;
				TEST_HOST = "$(BUILT_PRODUCTS_DIR)/WordUp.app/WordUp";
			};
			name = Debug;
		};
		856FC0F81EB5235900E621C6 /* Release */ = {
			isa = XCBuildConfiguration;
			baseConfigurationReference = 86A5443FDEB96289FCFFC987 /* Pods-WordUpTests.release.xcconfig */;
			buildSettings = {
				ALWAYS_EMBED_SWIFT_STANDARD_LIBRARIES = YES;
				BUNDLE_LOADER = "$(TEST_HOST)";
				INFOPLIST_FILE = WordUpTests/Info.plist;
				LD_RUNPATH_SEARCH_PATHS = "$(inherited) @executable_path/Frameworks @loader_path/Frameworks";
				PRODUCT_BUNDLE_IDENTIFIER = com.example.WordUpTests;
				PRODUCT_NAME = "$(TARGET_NAME)";
				SWIFT_VERSION = 3.0;
				TEST_HOST = "$(BUILT_PRODUCTS_DIR)/WordUp.app/WordUp";
			};
			name = Release;
		};
/* End XCBuildConfiguration section */

/* Begin XCConfigurationList section */
		856FC0D11EB5235900E621C6 /* Build configuration list for PBXProject "WordUp" */ = {
			isa = XCConfigurationList;
			buildConfigurations = (
				856FC0F11EB5235900E621C6 /* Debug */,
				856FC0F21EB5235900E621C6 /* Release */,
			);
			defaultConfigurationIsVisible = 0;
			defaultConfigurationName = Release;
		};
		856FC0F31EB5235900E621C6 /* Build configuration list for PBXNativeTarget "WordUp" */ = {
			isa = XCConfigurationList;
			buildConfigurations = (
				856FC0F41EB5235900E621C6 /* Debug */,
				856FC0F51EB5235900E621C6 /* Release */,
			);
			defaultConfigurationIsVisible = 0;
			defaultConfigurationName = Release;
		};
		856FC0F61EB5235900E621C6 /* Build configuration list for PBXNativeTarget "WordUpTests" */ = {
			isa = XCConfigurationList;
			buildConfigurations = (
				856FC0F71EB5235900E621C6 /* Debug */,
				856FC0F81EB5235900E621C6 /* Release */,
			);
			defaultConfigurationIsVisible = 0;
			defaultConfigurationName = Release;
		};
/* End XCConfigurationList section */
	};
	rootObject = 856FC0CE1EB5235900E621C6 /* Project object */;
}
